<?xml version="1.0" encoding="UTF-8"?>
<!DOCTYPE plist PUBLIC "-//Apple//DTD PLIST 1.0//EN" "http://www.apple.com/DTDs/PropertyList-1.0.dtd">
<plist version="1.0">
<dict>
	<key>archiveVersion</key>
	<string>1</string>
	<key>classes</key>
	<dict/>
	<key>objectVersion</key>
	<string>56</string>
	<key>objects</key>
	<dict>
		<key>000000000000000000000001</key>
		<dict>
			<key>isa</key>
			<string>PBXFileReference</string>
			<key>lastKnownFileType</key>
			<string>sourcecode.swift</string>
			<key>path</key>
			<string>Story.swift</string>
			<key>sourceTree</key>
			<string>&lt;group&gt;</string>
		</dict>
		<key>000000000000000000000002</key>
		<dict>
			<key>isa</key>
			<string>PBXFileReference</string>
			<key>lastKnownFileType</key>
			<string>sourcecode.swift</string>
			<key>path</key>
			<string>StoryApp.swift</string>
			<key>sourceTree</key>
			<string>&lt;group&gt;</string>
		</dict>
		<key>000000000000000000000003</key>
		<dict>
			<key>isa</key>
			<string>PBXFileReference</string>
			<key>lastKnownFileType</key>
			<string>sourcecode.swift</string>
			<key>path</key>
			<string>StoryWidget.swift</string>
			<key>sourceTree</key>
			<string>&lt;group&gt;</string>
		</dict>
		<key>000000000000000000000004</key>
		<dict>
			<key>isa</key>
			<string>PBXFileReference</string>
			<key>lastKnownFileType</key>
			<string>sourcecode.swift</string>
			<key>path</key>
			<string>WidgetReadingLayout.swift</string>
			<key>sourceTree</key>
			<string>&lt;group&gt;</string>
		</dict>
		<key>000000000000000000000005</key>
		<dict>
			<key>children</key>
			<array>
				<string>000000000000000000000011</string>
				<string>00000000000000000000001A</string>
			</array>
			<key>isa</key>
			<string>PBXGroup</string>
			<key>name</key>
			<string>Products</string>
			<key>sourceTree</key>
			<string>&lt;group&gt;</string>
		</dict>
		<key>000000000000000000000006</key>
		<dict>
			<key>children</key>
			<array>
				<string>000000000000000000000001</string>
				<string>000000000000000000000002</string>
				<string>000000000000000000000003</string>
				<string>000000000000000000000004</string>
			</array>
			<key>isa</key>
			<string>PBXGroup</string>
			<key>path</key>
			<string>Sources</string>
			<key>sourceTree</key>
			<string>&lt;group&gt;</string>
		</dict>
		<key>00000000000000000000000A</key>
		<dict>
			<key>isa</key>
			<string>PBXFileReference</string>
			<key>lastKnownFileType</key>
			<string>net.daringfireball.markdown</string>
			<key>path</key>
			<string>README.md</string>
			<key>sourceTree</key>
			<string>&lt;group&gt;</string>
		</dict>
		<key>00000000000000000000000B</key>
		<dict>
			<key>isa</key>
			<string>PBXFileReference</string>
			<key>lastKnownFileType</key>
			<string>text</string>
			<key>path</key>
			<string>.gitignore</string>
			<key>sourceTree</key>
			<string>&lt;group&gt;</string>
		</dict>
		<key>00000000000000000000000C</key>
		<dict>
			<key>isa</key>
			<string>PBXFileReference</string>
			<key>lastKnownFileType</key>
			<string>text.plist.xml</string>
			<key>path</key>
			<string>AppInfo.plist</string>
			<key>sourceTree</key>
			<string>&lt;group&gt;</string>
		</dict>
		<key>00000000000000000000000D</key>
		<dict>
			<key>isa</key>
			<string>PBXFileReference</string>
			<key>lastKnownFileType</key>
			<string>text.plist.xml</string>
			<key>path</key>
			<string>WidgetInfo.plist</string>
			<key>sourceTree</key>
			<string>&lt;group&gt;</string>
		</dict>
		<key>00000000000000000000000E</key>
		<dict>
			<key>isa</key>
			<string>PBXFileReference</string>
			<key>lastKnownFileType</key>
			<string>text.plist.entitlements</string>
			<key>path</key>
			<string>Shared.entitlements</string>
			<key>sourceTree</key>
			<string>&lt;group&gt;</string>
		</dict>
		<key>000000000000000000000010</key>
		<dict>
			<key>children</key>
			<array>
				<string>000000000000000000000006</string>
				<string>00000000000000000000000A</string>
				<string>00000000000000000000000B</string>
				<string>00000000000000000000000C</string>
				<string>00000000000000000000000D</string>
				<string>00000000000000000000000E</string>
				<string>000000000000000000000005</string>
			</array>
			<key>isa</key>
			<string>PBXGroup</string>
			<key>sourceTree</key>
			<string>&lt;group&gt;</string>
		</dict>
		<key>000000000000000000000011</key>
		<dict>
			<key>explicitFileType</key>
			<string>wrapper.app-extension</string>
			<key>isa</key>
			<string>PBXFileReference</string>
			<key>path</key>
			<string>StoryWidget.appex</string>
			<key>sourceTree</key>
			<string>BUILT_PRODUCTS_DIR</string>
		</dict>
		<key>000000000000000000000012</key>
		<dict>
			<key>fileRef</key>
			<string>000000000000000000000001</string>
			<key>isa</key>
			<string>PBXBuildFile</string>
		</dict>
		<key>000000000000000000000013</key>
		<dict>
			<key>fileRef</key>
			<string>000000000000000000000003</string>
			<key>isa</key>
			<string>PBXBuildFile</string>
		</dict>
		<key>000000000000000000000014</key>
		<dict>
			<key>fileRef</key>
			<string>000000000000000000000004</string>
			<key>isa</key>
			<string>PBXBuildFile</string>
		</dict>
		<key>000000000000000000000015</key>
		<dict>
			<key>buildActionMask</key>
			<integer>2147483647</integer>
			<key>files</key>
			<array>
				<string>000000000000000000000012</string>
				<string>000000000000000000000013</string>
				<string>000000000000000000000014</string>
			</array>
			<key>isa</key>
			<string>PBXSourcesBuildPhase</string>
			<key>runOnlyForDeploymentPostprocessing</key>
			<integer>0</integer>
		</dict>
		<key>000000000000000000000016</key>
		<dict>
			<key>buildSettings</key>
			<dict>
				<key>ALWAYS_SEARCH_USER_PATHS</key>
				<string>NO</string>
				<key>APPLICATION_EXTENSION_API_ONLY</key>
				<string>YES</string>
				<key>CODE_SIGN_ENTITLEMENTS</key>
				<string>Shared.entitlements</string>
				<key>CODE_SIGN_STYLE</key>
				<string>Automatic</string>
				<key>CURRENT_PROJECT_VERSION</key>
				<string>1</string>
				<key>DEVELOPMENT_TEAM</key>
				<string>K8ZXYT63XK</string>
				<key>GENERATE_INFOPLIST_FILE</key>
				<string>YES</string>
				<key>INFOPLIST_FILE</key>
				<string>WidgetInfo.plist</string>
				<key>INFOPLIST_KEY_CFBundleDisplayName</key>
				<string>小小奇遇</string>
				<key>IPHONEOS_DEPLOYMENT_TARGET</key>
				<string>17.0</string>
				<key>MARKETING_VERSION</key>
				<string>1.0</string>
				<key>PRODUCT_BUNDLE_IDENTIFIER</key>
				<string>com.miao.microstoryvalidation.widget</string>
				<key>PRODUCT_NAME</key>
				<string>StoryWidget</string>
				<key>SDKROOT</key>
				<string>iphoneos</string>
				<key>SKIP_INSTALL</key>
				<string>YES</string>
				<key>SWIFT_ACTIVE_COMPILATION_CONDITIONS</key>
				<string>DEBUG</string>
				<key>SWIFT_OPTIMIZATION_LEVEL</key>
				<string>-Onone</string>
				<key>SWIFT_VERSION</key>
				<string>5.0</string>
				<key>TARGETED_DEVICE_FAMILY</key>
				<string>1</string>
			</dict>
			<key>isa</key>
			<string>XCBuildConfiguration</string>
			<key>name</key>
			<string>Debug</string>
		</dict>
		<key>000000000000000000000017</key>
		<dict>
			<key>buildSettings</key>
			<dict>
				<key>ALWAYS_SEARCH_USER_PATHS</key>
				<string>NO</string>
				<key>APPLICATION_EXTENSION_API_ONLY</key>
				<string>YES</string>
				<key>CODE_SIGN_ENTITLEMENTS</key>
				<string>Shared.entitlements</string>
				<key>CODE_SIGN_STYLE</key>
				<string>Automatic</string>
				<key>CURRENT_PROJECT_VERSION</key>
				<string>1</string>
				<key>DEVELOPMENT_TEAM</key>
				<string>K8ZXYT63XK</string>
				<key>GENERATE_INFOPLIST_FILE</key>
				<string>YES</string>
				<key>INFOPLIST_FILE</key>
				<string>WidgetInfo.plist</string>
				<key>INFOPLIST_KEY_CFBundleDisplayName</key>
				<string>小小奇遇</string>
				<key>IPHONEOS_DEPLOYMENT_TARGET</key>
				<string>17.0</string>
				<key>MARKETING_VERSION</key>
				<string>1.0</string>
				<key>PRODUCT_BUNDLE_IDENTIFIER</key>
				<string>com.miao.microstoryvalidation.widget</string>
				<key>PRODUCT_NAME</key>
				<string>StoryWidget</string>
				<key>SDKROOT</key>
				<string>iphoneos</string>
				<key>SKIP_INSTALL</key>
				<string>YES</string>
				<key>SWIFT_OPTIMIZATION_LEVEL</key>
				<string>-Onone</string>
				<key>SWIFT_VERSION</key>
				<string>5.0</string>
				<key>TARGETED_DEVICE_FAMILY</key>
				<string>1</string>
			</dict>
			<key>isa</key>
			<string>XCBuildConfiguration</string>
			<key>name</key>
			<string>Release</string>
		</dict>
		<key>000000000000000000000018</key>
		<dict>
			<key>buildConfigurations</key>
			<array>
				<string>000000000000000000000016</string>
				<string>000000000000000000000017</string>
			</array>
			<key>defaultConfigurationIsVisible</key>
			<integer>0</integer>
			<key>defaultConfigurationName</key>
			<string>Debug</string>
			<key>isa</key>
			<string>XCConfigurationList</string>
		</dict>
		<key>000000000000000000000019</key>
		<dict>
			<key>buildConfigurationList</key>
			<string>000000000000000000000018</string>
			<key>buildPhases</key>
			<array>
				<string>000000000000000000000015</string>
			</array>
			<key>buildRules</key>
			<array/>
			<key>dependencies</key>
			<array/>
			<key>isa</key>
			<string>PBXNativeTarget</string>
			<key>name</key>
			<string>StoryWidget</string>
			<key>productName</key>
			<string>StoryWidget</string>
			<key>productReference</key>
			<string>000000000000000000000011</string>
			<key>productType</key>
			<string>com.apple.product-type.app-extension</string>
		</dict>
		<key>00000000000000000000001A</key>
		<dict>
			<key>explicitFileType</key>
			<string>wrapper.application</string>
			<key>isa</key>
			<string>PBXFileReference</string>
			<key>path</key>
			<string>StoryApp.app</string>
			<key>sourceTree</key>
			<string>BUILT_PRODUCTS_DIR</string>
		</dict>
		<key>00000000000000000000001B</key>
		<dict>
			<key>fileRef</key>
			<string>000000000000000000000001</string>
			<key>isa</key>
			<string>PBXBuildFile</string>
		</dict>
		<key>00000000000000000000001C</key>
		<dict>
			<key>fileRef</key>
			<string>000000000000000000000002</string>
			<key>isa</key>
			<string>PBXBuildFile</string>
		</dict>
		<key>00000000000000000000001D</key>
		<dict>
			<key>fileRef</key>
			<string>000000000000000000000004</string>
			<key>isa</key>
			<string>PBXBuildFile</string>
		</dict>
		<key>00000000000000000000001E</key>
		<dict>
			<key>buildActionMask</key>
			<integer>2147483647</integer>
			<key>files</key>
			<array>
				<string>00000000000000000000001B</string>
				<string>00000000000000000000001C</string>
				<string>00000000000000000000001D</string>
			</array>
			<key>isa</key>
			<string>PBXSourcesBuildPhase</string>
			<key>runOnlyForDeploymentPostprocessing</key>
			<integer>0</integer>
		</dict>
		<key>00000000000000000000001F</key>
		<dict>
			<key>buildSettings</key>
			<dict>
				<key>ALWAYS_SEARCH_USER_PATHS</key>
				<string>NO</string>
				<key>CODE_SIGN_ENTITLEMENTS</key>
				<string>Shared.entitlements</string>
				<key>CODE_SIGN_STYLE</key>
				<string>Automatic</string>
				<key>CURRENT_PROJECT_VERSION</key>
				<string>1</string>
				<key>DEVELOPMENT_TEAM</key>
				<string>K8ZXYT63XK</string>
				<key>GENERATE_INFOPLIST_FILE</key>
				<string>YES</string>
				<key>INFOPLIST_FILE</key>
				<string>AppInfo.plist</string>
				<key>INFOPLIST_KEY_CFBundleDisplayName</key>
				<string>小小奇遇</string>
				<key>INFOPLIST_KEY_UILaunchScreen_Generation</key>
				<string>YES</string>
				<key>IPHONEOS_DEPLOYMENT_TARGET</key>
				<string>17.0</string>
				<key>MARKETING_VERSION</key>
				<string>1.0</string>
				<key>PRODUCT_BUNDLE_IDENTIFIER</key>
				<string>com.miao.microstoryvalidation</string>
				<key>PRODUCT_NAME</key>
				<string>StoryApp</string>
				<key>SDKROOT</key>
				<string>iphoneos</string>
				<key>SWIFT_ACTIVE_COMPILATION_CONDITIONS</key>
				<string>DEBUG</string>
				<key>SWIFT_OPTIMIZATION_LEVEL</key>
				<string>-Onone</string>
				<key>SWIFT_VERSION</key>
				<string>5.0</string>
				<key>TARGETED_DEVICE_FAMILY</key>
				<string>1</string>
			</dict>
			<key>isa</key>
			<string>XCBuildConfiguration</string>
			<key>name</key>
			<string>Debug</string>
		</dict>
		<key>000000000000000000000020</key>
		<dict>
			<key>buildSettings</key>
			<dict>
				<key>ALWAYS_SEARCH_USER_PATHS</key>
				<string>NO</string>
				<key>CODE_SIGN_ENTITLEMENTS</key>
				<string>Shared.entitlements</string>
				<key>CODE_SIGN_STYLE</key>
				<string>Automatic</string>
				<key>CURRENT_PROJECT_VERSION</key>
				<string>1</string>
				<key>DEVELOPMENT_TEAM</key>
				<string>K8ZXYT63XK</string>
				<key>GENERATE_INFOPLIST_FILE</key>
				<string>YES</string>
				<key>INFOPLIST_FILE</key>
				<string>AppInfo.plist</string>
				<key>INFOPLIST_KEY_CFBundleDisplayName</key>
				<string>小小奇遇</string>
				<key>INFOPLIST_KEY_UILaunchScreen_Generation</key>
				<string>YES</string>
				<key>IPHONEOS_DEPLOYMENT_TARGET</key>
				<string>17.0</string>
				<key>MARKETING_VERSION</key>
				<string>1.0</string>
				<key>PRODUCT_BUNDLE_IDENTIFIER</key>
				<string>com.miao.microstoryvalidation</string>
				<key>PRODUCT_NAME</key>
				<string>StoryApp</string>
				<key>SDKROOT</key>
				<string>iphoneos</string>
				<key>SWIFT_OPTIMIZATION_LEVEL</key>
				<string>-Onone</string>
				<key>SWIFT_VERSION</key>
				<string>5.0</string>
				<key>TARGETED_DEVICE_FAMILY</key>
				<string>1</string>
			</dict>
			<key>isa</key>
			<string>XCBuildConfiguration</string>
			<key>name</key>
			<string>Release</string>
		</dict>
		<key>000000000000000000000021</key>
		<dict>
			<key>buildConfigurations</key>
			<array>
				<string>00000000000000000000001F</string>
				<string>000000000000000000000020</string>
			</array>
			<key>defaultConfigurationIsVisible</key>
			<integer>0</integer>
			<key>defaultConfigurationName</key>
			<string>Debug</string>
			<key>isa</key>
			<string>XCConfigurationList</string>
		</dict>
		<key>000000000000000000000022</key>
		<dict>
			<key>buildConfigurationList</key>
			<string>000000000000000000000021</string>
			<key>buildPhases</key>
			<array>
				<string>00000000000000000000001E</string>
				<string>000000000000000000000024</string>
			</array>
			<key>buildRules</key>
			<array/>
			<key>dependencies</key>
			<array>
				<string>000000000000000000000025</string>
			</array>
			<key>isa</key>
			<string>PBXNativeTarget</string>
			<key>name</key>
			<string>StoryApp</string>
			<key>productName</key>
			<string>StoryApp</string>
			<key>productReference</key>
			<string>00000000000000000000001A</string>
			<key>productType</key>
			<string>com.apple.product-type.application</string>
		</dict>
		<key>000000000000000000000023</key>
		<dict>
			<key>fileRef</key>
			<string>000000000000000000000011</string>
			<key>isa</key>
			<string>PBXBuildFile</string>
			<key>settings</key>
			<dict>
				<key>ATTRIBUTES</key>
				<array>
					<string>RemoveHeadersOnCopy</string>
				</array>
			</dict>
		</dict>
		<key>000000000000000000000024</key>
		<dict>
			<key>buildActionMask</key>
			<integer>2147483647</integer>
			<key>dstPath</key>
			<string></string>
			<key>dstSubfolderSpec</key>
			<integer>13</integer>
			<key>files</key>
			<array>
				<string>000000000000000000000023</string>
			</array>
			<key>isa</key>
			<string>PBXCopyFilesBuildPhase</string>
			<key>name</key>
			<string>Embed App Extensions</string>
			<key>runOnlyForDeploymentPostprocessing</key>
			<integer>0</integer>
		</dict>
		<key>000000000000000000000025</key>
		<dict>
			<key>isa</key>
			<string>PBXTargetDependency</string>
			<key>target</key>
			<string>000000000000000000000019</string>
		</dict>
		<key>000000000000000000000026</key>
		<dict>
			<key>buildSettings</key>
			<dict>
				<key>SWIFT_ACTIVE_COMPILATION_CONDITIONS</key>
				<string>DEBUG</string>
			</dict>
			<key>isa</key>
			<string>XCBuildConfiguration</string>
			<key>name</key>
			<string>Debug</string>
		</dict>
		<key>000000000000000000000027</key>
		<dict>
			<key>buildSettings</key>
			<dict/>
			<key>isa</key>
			<string>XCBuildConfiguration</string>
			<key>name</key>
			<string>Release</string>
		</dict>
		<key>000000000000000000000028</key>
		<dict>
			<key>buildConfigurations</key>
			<array>
				<string>000000000000000000000026</string>
				<string>000000000000000000000027</string>
			</array>
			<key>defaultConfigurationIsVisible</key>
			<integer>0</integer>
			<key>defaultConfigurationName</key>
			<string>Debug</string>
			<key>isa</key>
			<string>XCConfigurationList</string>
		</dict>
		<key>000000000000000000000029</key>
		<dict>
			<key>attributes</key>
			<dict>
				<key>LastUpgradeCheck</key>
				<string>2600</string>
				<key>TargetAttributes</key>
				<dict>
					<key>000000000000000000000019</key>
					<dict>
						<key>DevelopmentTeam</key>
						<string>K8ZXYT63XK</string>
						<key>SystemCapabilities</key>
						<dict>
							<key>com.apple.ApplicationGroups.iOS</key>
							<dict>
								<key>enabled</key>
								<integer>1</integer>
							</dict>
						</dict>
					</dict>
					<key>000000000000000000000022</key>
					<dict>
						<key>DevelopmentTeam</key>
						<string>K8ZXYT63XK</string>
						<key>SystemCapabilities</key>
						<dict>
							<key>com.apple.ApplicationGroups.iOS</key>
							<dict>
								<key>enabled</key>
								<integer>1</integer>
							</dict>
						</dict>
					</dict>
				</dict>
			</dict>
			<key>buildConfigurationList</key>
			<string>000000000000000000000028</string>
			<key>compatibilityVersion</key>
			<string>Xcode 14.0</string>
			<key>developmentRegion</key>
			<string>en</string>
			<key>isa</key>
			<string>PBXProject</string>
			<key>knownRegions</key>
			<array>
				<string>en</string>
				<string>zh-Hans</string>
			</array>
			<key>mainGroup</key>
			<string>000000000000000000000010</string>
			<key>productRefGroup</key>
			<string>000000000000000000000005</string>
			<key>projectDirPath</key>
			<string></string>
			<key>projectRoot</key>
			<string></string>
			<key>targets</key>
			<array>
				<string>000000000000000000000022</string>
				<string>000000000000000000000019</string>
			</array>
		</dict>
	</dict>
	<key>rootObject</key>
	<string>000000000000000000000029</string>
</dict>
</plist>
